// !$*UTF8*$!
{
	archiveVersion = 1;
	classes = {
	};
	objectVersion = 46;
	objects = {

/* Begin PBXBuildFile section */
		DA0121E61C63532F009F1351 /* main.m in Sources */ = {isa = PBXBuildFile; fileRef = DA0121E51C63532F009F1351 /* main.m */; };
		DA0121E91C63532F009F1351 /* AppDelegate.m in Sources */ = {isa = PBXBuildFile; fileRef = DA0121E81C63532F009F1351 /* AppDelegate.m */; };
		DA0121EC1C63532F009F1351 /* FirstViewController.m in Sources */ = {isa = PBXBuildFile; fileRef = DA0121EB1C63532F009F1351 /* FirstViewController.m */; };
		DA0121EF1C63532F009F1351 /* Main.storyboard in Resources */ = {isa = PBXBuildFile; fileRef = DA0121ED1C63532F009F1351 /* Main.storyboard */; };
		DA0121F11C63532F009F1351 /* Assets.xcassets in Resources */ = {isa = PBXBuildFile; fileRef = DA0121F01C63532F009F1351 /* Assets.xcassets */; };
		DA0121F41C63532F009F1351 /* LaunchScreen.storyboard in Resources */ = {isa = PBXBuildFile; fileRef = DA0121F21C63532F009F1351 /* LaunchScreen.storyboard */; };
		DA0121FE1C63536A009F1351 /* SecondViewController.m in Sources */ = {isa = PBXBuildFile; fileRef = DA0121FC1C63536A009F1351 /* SecondViewController.m */; };
		DA0121FF1C63536A009F1351 /* SecondViewController.xib in Resources */ = {isa = PBXBuildFile; fileRef = DA0121FD1C63536A009F1351 /* SecondViewController.xib */; };
		DA01221B1C6353B8009F1351 /* ZZQROptionView.m in Sources */ = {isa = PBXBuildFile; fileRef = DA01220C1C6353B8009F1351 /* ZZQROptionView.m */; };
		DA01221D1C6353B8009F1351 /* ZZQRScanner.m in Sources */ = {isa = PBXBuildFile; fileRef = DA01220F1C6353B8009F1351 /* ZZQRScanner.m */; };
		DA01221E1C6353B8009F1351 /* ZZQRScanViewController.m in Sources */ = {isa = PBXBuildFile; fileRef = DA0122111C6353B8009F1351 /* ZZQRScanViewController.m */; };
		DA03CD5D1E5C1E9100C8C0CA /* ZZQRPlaySound.m in Sources */ = {isa = PBXBuildFile; fileRef = DA03CD5C1E5C1E9100C8C0CA /* ZZQRPlaySound.m */; };
		DA03CD5F1E5C1ED200C8C0CA /* ZZQRManager.bundle in Resources */ = {isa = PBXBuildFile; fileRef = DA03CD5E1E5C1ED200C8C0CA /* ZZQRManager.bundle */; };
		DA03CD621E5C2EFB00C8C0CA /* ZZQRPlaceholderView.m in Sources */ = {isa = PBXBuildFile; fileRef = DA03CD611E5C2EFB00C8C0CA /* ZZQRPlaceholderView.m */; };
		DA03CD8E1E5D605400C8C0CA /* ZZQRScanTypes.m in Sources */ = {isa = PBXBuildFile; fileRef = DA03CD8D1E5D605400C8C0CA /* ZZQRScanTypes.m */; };
		DA8FDB201C68D7A400AE37DE /* ZZQRIndicatorView.m in Sources */ = {isa = PBXBuildFile; fileRef = DA8FDB1F1C68D7A400AE37DE /* ZZQRIndicatorView.m */; };
		DA8FDB231C68D7E400AE37DE /* ZZQRPoint.m in Sources */ = {isa = PBXBuildFile; fileRef = DA8FDB221C68D7E400AE37DE /* ZZQRPoint.m */; };
		DAFF94BB1C702F190099B00B /* ZZQRImageHelper.m in Sources */ = {isa = PBXBuildFile; fileRef = DAFF94BA1C702F190099B00B /* ZZQRImageHelper.m */; };
/* End PBXBuildFile section */

/* Begin PBXFileReference section */
		DA0121E11C63532F009F1351 /* ZZQRManager.app */ = {isa = PBXFileReference; explicitFileType = wrapper.application; includeInIndex = 0; path = ZZQRManager.app; sourceTree = BUILT_PRODUCTS_DIR; };
		DA0121E51C63532F009F1351 /* main.m */ = {isa = PBXFileReference; lastKnownFileType = sourcecode.c.objc; path = main.m; sourceTree = "<group>"; };
		DA0121E71C63532F009F1351 /* AppDelegate.h */ = {isa = PBXFileReference; lastKnownFileType = sourcecode.c.h; path = AppDelegate.h; sourceTree = "<group>"; };
		DA0121E81C63532F009F1351 /* AppDelegate.m */ = {isa = PBXFileReference; lastKnownFileType = sourcecode.c.objc; path = AppDelegate.m; sourceTree = "<group>"; };
		DA0121EA1C63532F009F1351 /* FirstViewController.h */ = {isa = PBXFileReference; lastKnownFileType = sourcecode.c.h; path = FirstViewController.h; sourceTree = "<group>"; };
		DA0121EB1C63532F009F1351 /* FirstViewController.m */ = {isa = PBXFileReference; lastKnownFileType = sourcecode.c.objc; path = FirstViewController.m; sourceTree = "<group>"; };
		DA0121EE1C63532F009F1351 /* Base */ = {isa = PBXFileReference; lastKnownFileType = file.storyboard; name = Base; path = Base.lproj/Main.storyboard; sourceTree = "<group>"; };
		DA0121F01C63532F009F1351 /* Assets.xcassets */ = {isa = PBXFileReference; lastKnownFileType = folder.assetcatalog; path = Assets.xcassets; sourceTree = "<group>"; };
		DA0121F31C63532F009F1351 /* Base */ = {isa = PBXFileReference; lastKnownFileType = file.storyboard; name = Base; path = Base.lproj/LaunchScreen.storyboard; sourceTree = "<group>"; };
		DA0121F51C63532F009F1351 /* Info.plist */ = {isa = PBXFileReference; lastKnownFileType = text.plist.xml; path = Info.plist; sourceTree = "<group>"; };
		DA0121FB1C63536A009F1351 /* SecondViewController.h */ = {isa = PBXFileReference; fileEncoding = 4; lastKnownFileType = sourcecode.c.h; path = SecondViewController.h; sourceTree = "<group>"; };
		DA0121FC1C63536A009F1351 /* SecondViewController.m */ = {isa = PBXFileReference; fileEncoding = 4; lastKnownFileType = sourcecode.c.objc; path = SecondViewController.m; sourceTree = "<group>"; };
		DA0121FD1C63536A009F1351 /* SecondViewController.xib */ = {isa = PBXFileReference; fileEncoding = 4; lastKnownFileType = file.xib; path = SecondViewController.xib; sourceTree = "<group>"; };
		DA01220B1C6353B8009F1351 /* ZZQROptionView.h */ = {isa = PBXFileReference; fileEncoding = 4; lastKnownFileType = sourcecode.c.h; path = ZZQROptionView.h; sourceTree = "<group>"; };
		DA01220C1C6353B8009F1351 /* ZZQROptionView.m */ = {isa = PBXFileReference; fileEncoding = 4; lastKnownFileType = sourcecode.c.objc; path = ZZQROptionView.m; sourceTree = "<group>"; };
		DA01220E1C6353B8009F1351 /* ZZQRScanner.h */ = {isa = PBXFileReference; fileEncoding = 4; lastKnownFileType = sourcecode.c.h; path = ZZQRScanner.h; sourceTree = "<group>"; };
		DA01220F1C6353B8009F1351 /* ZZQRScanner.m */ = {isa = PBXFileReference; fileEncoding = 4; lastKnownFileType = sourcecode.c.objc; path = ZZQRScanner.m; sourceTree = "<group>"; };
		DA0122101C6353B8009F1351 /* ZZQRScanViewController.h */ = {isa = PBXFileReference; fileEncoding = 4; lastKnownFileType = sourcecode.c.h; path = ZZQRScanViewController.h; sourceTree = "<group>"; };
		DA0122111C6353B8009F1351 /* ZZQRScanViewController.m */ = {isa = PBXFileReference; fileEncoding = 4; lastKnownFileType = sourcecode.c.objc; path = ZZQRScanViewController.m; sourceTree = "<group>"; };
		DA03CD5B1E5C1E9100C8C0CA /* ZZQRPlaySound.h */ = {isa = PBXFileReference; fileEncoding = 4; lastKnownFileType = sourcecode.c.h; path = ZZQRPlaySound.h; sourceTree = "<group>"; };
		DA03CD5C1E5C1E9100C8C0CA /* ZZQRPlaySound.m */ = {isa = PBXFileReference; fileEncoding = 4; lastKnownFileType = sourcecode.c.objc; path = ZZQRPlaySound.m; sourceTree = "<group>"; };
		DA03CD5E1E5C1ED200C8C0CA /* ZZQRManager.bundle */ = {isa = PBXFileReference; lastKnownFileType = "wrapper.plug-in"; path = ZZQRManager.bundle; sourceTree = "<group>"; };
		DA03CD601E5C2EFB00C8C0CA /* ZZQRPlaceholderView.h */ = {isa = PBXFileReference; fileEncoding = 4; lastKnownFileType = sourcecode.c.h; path = ZZQRPlaceholderView.h; sourceTree = "<group>"; };
		DA03CD611E5C2EFB00C8C0CA /* ZZQRPlaceholderView.m */ = {isa = PBXFileReference; fileEncoding = 4; lastKnownFileType = sourcecode.c.objc; path = ZZQRPlaceholderView.m; sourceTree = "<group>"; };
		DA03CD891E5D5DB600C8C0CA /* ZZQRManager.h */ = {isa = PBXFileReference; fileEncoding = 4; lastKnownFileType = sourcecode.c.h; path = ZZQRManager.h; sourceTree = "<group>"; };
		DA03CD8C1E5D605400C8C0CA /* ZZQRScanTypes.h */ = {isa = PBXFileReference; fileEncoding = 4; lastKnownFileType = sourcecode.c.h; path = ZZQRScanTypes.h; sourceTree = "<group>"; };
		DA03CD8D1E5D605400C8C0CA /* ZZQRScanTypes.m */ = {isa = PBXFileReference; fileEncoding = 4; lastKnownFileType = sourcecode.c.objc; path = ZZQRScanTypes.m; sourceTree = "<group>"; };
		DA8FDB1E1C68D7A400AE37DE /* ZZQRIndicatorView.h */ = {isa = PBXFileReference; fileEncoding = 4; lastKnownFileType = sourcecode.c.h; path = ZZQRIndicatorView.h; sourceTree = "<group>"; };
		DA8FDB1F1C68D7A400AE37DE /* ZZQRIndicatorView.m */ = {isa = PBXFileReference; fileEncoding = 4; lastKnownFileType = sourcecode.c.objc; path = ZZQRIndicatorView.m; sourceTree = "<group>"; };
		DA8FDB211C68D7E400AE37DE /* ZZQRPoint.h */ = {isa = PBXFileReference; fileEncoding = 4; lastKnownFileType = sourcecode.c.h; path = ZZQRPoint.h; sourceTree = "<group>"; };
		DA8FDB221C68D7E400AE37DE /* ZZQRPoint.m */ = {isa = PBXFileReference; fileEncoding = 4; lastKnownFileType = sourcecode.c.objc; path = ZZQRPoint.m; sourceTree = "<group>"; };
		DAFF94B91C702F190099B00B /* ZZQRImageHelper.h */ = {isa = PBXFileReference; fileEncoding = 4; lastKnownFileType = sourcecode.c.h; path = ZZQRImageHelper.h; sourceTree = "<group>"; };
		DAFF94BA1C702F190099B00B /* ZZQRImageHelper.m */ = {isa = PBXFileReference; fileEncoding = 4; lastKnownFileType = sourcecode.c.objc; path = ZZQRImageHelper.m; sourceTree = "<group>"; };
/* End PBXFileReference section */

/* Begin PBXFrameworksBuildPhase section */
		DA0121DE1C63532F009F1351 /* Frameworks */ = {
			isa = PBXFrameworksBuildPhase;
			buildActionMask = 2147483647;
			files = (
			);
			runOnlyForDeploymentPostprocessing = 0;
		};
/* End PBXFrameworksBuildPhase section */

/* Begin PBXGroup section */
		DA0121D81C63532F009F1351 = {
			isa = PBXGroup;
			children = (
				DA0121E31C63532F009F1351 /* ZZQRManager */,
				DA0121E21C63532F009F1351 /* Products */,
			);
			sourceTree = "<group>";
		};
		DA0121E21C63532F009F1351 /* Products */ = {
			isa = PBXGroup;
			children = (
				DA0121E11C63532F009F1351 /* ZZQRManager.app */,
			);
			name = Products;
			sourceTree = "<group>";
		};
		DA0121E31C63532F009F1351 /* ZZQRManager */ = {
			isa = PBXGroup;
			children = (
				DA0122001C6353B8009F1351 /* ZZQRManager */,
				DA0121E71C63532F009F1351 /* AppDelegate.h */,
				DA0121E81C63532F009F1351 /* AppDelegate.m */,
				DA0121EA1C63532F009F1351 /* FirstViewController.h */,
				DA0121EB1C63532F009F1351 /* FirstViewController.m */,
				DA0121ED1C63532F009F1351 /* Main.storyboard */,
				DA0121FB1C63536A009F1351 /* SecondViewController.h */,
				DA0121FC1C63536A009F1351 /* SecondViewController.m */,
				DA0121FD1C63536A009F1351 /* SecondViewController.xib */,
				DA0121F01C63532F009F1351 /* Assets.xcassets */,
				DA0121F21C63532F009F1351 /* LaunchScreen.storyboard */,
				DA0121F51C63532F009F1351 /* Info.plist */,
				DA0121E41C63532F009F1351 /* Supporting Files */,
			);
			path = ZZQRManager;
			sourceTree = "<group>";
		};
		DA0121E41C63532F009F1351 /* Supporting Files */ = {
			isa = PBXGroup;
			children = (
				DA0121E51C63532F009F1351 /* main.m */,
			);
			name = "Supporting Files";
			sourceTree = "<group>";
		};
		DA0122001C6353B8009F1351 /* ZZQRManager */ = {
			isa = PBXGroup;
			children = (
				DA03CD5E1E5C1ED200C8C0CA /* ZZQRManager.bundle */,
				DA01220B1C6353B8009F1351 /* ZZQROptionView.h */,
				DA01220C1C6353B8009F1351 /* ZZQROptionView.m */,
				DA01220E1C6353B8009F1351 /* ZZQRScanner.h */,
				DA01220F1C6353B8009F1351 /* ZZQRScanner.m */,
				DA0122101C6353B8009F1351 /* ZZQRScanViewController.h */,
				DA0122111C6353B8009F1351 /* ZZQRScanViewController.m */,
				DA8FDB1E1C68D7A400AE37DE /* ZZQRIndicatorView.h */,
				DA8FDB1F1C68D7A400AE37DE /* ZZQRIndicatorView.m */,
				DA8FDB211C68D7E400AE37DE /* ZZQRPoint.h */,
				DA8FDB221C68D7E400AE37DE /* ZZQRPoint.m */,
				DAFF94B91C702F190099B00B /* ZZQRImageHelper.h */,
				DAFF94BA1C702F190099B00B /* ZZQRImageHelper.m */,
				DA03CD5B1E5C1E9100C8C0CA /* ZZQRPlaySound.h */,
				DA03CD5C1E5C1E9100C8C0CA /* ZZQRPlaySound.m */,
				DA03CD601E5C2EFB00C8C0CA /* ZZQRPlaceholderView.h */,
				DA03CD611E5C2EFB00C8C0CA /* ZZQRPlaceholderView.m */,
				DA03CD891E5D5DB600C8C0CA /* ZZQRManager.h */,
				DA03CD8C1E5D605400C8C0CA /* ZZQRScanTypes.h */,
				DA03CD8D1E5D605400C8C0CA /* ZZQRScanTypes.m */,
			);
			path = ZZQRManager;
			sourceTree = "<group>";
		};
/* End PBXGroup section */

/* Begin PBXNativeTarget section */
		DA0121E01C63532F009F1351 /* ZZQRManager */ = {
			isa = PBXNativeTarget;
			buildConfigurationList = DA0121F81C63532F009F1351 /* Build configuration list for PBXNativeTarget "ZZQRManager" */;
			buildPhases = (
				DA0121DD1C63532F009F1351 /* Sources */,
				DA0121DE1C63532F009F1351 /* Frameworks */,
				DA0121DF1C63532F009F1351 /* Resources */,
			);
			buildRules = (
			);
			dependencies = (
			);
			name = ZZQRManager;
			productName = ZZQRManager;
			productReference = DA0121E11C63532F009F1351 /* ZZQRManager.app */;
			productType = "com.apple.product-type.application";
		};
/* End PBXNativeTarget section */

/* Begin PBXProject section */
		DA0121D91C63532F009F1351 /* Project object */ = {
			isa = PBXProject;
			attributes = {
				LastUpgradeCheck = 0800;
				ORGANIZATIONNAME = LiuWeiZhen;
				TargetAttributes = {
					DA0121E01C63532F009F1351 = {
						CreatedOnToolsVersion = 7.2;
						DevelopmentTeam = Y2KKR9F9FN;
						ProvisioningStyle = Automatic;
					};
				};
			};
			buildConfigurationList = DA0121DC1C63532F009F1351 /* Build configuration list for PBXProject "ZZQRManager" */;
			compatibilityVersion = "Xcode 3.2";
			developmentRegion = English;
			hasScannedForEncodings = 0;
			knownRegions = (
				English,
				en,
				Base,
			);
			mainGroup = DA0121D81C63532F009F1351;
			productRefGroup = DA0121E21C63532F009F1351 /* Products */;
			projectDirPath = "";
			projectRoot = "";
			targets = (
				DA0121E01C63532F009F1351 /* ZZQRManager */,
			);
		};
/* End PBXProject section */

/* Begin PBXResourcesBuildPhase section */
		DA0121DF1C63532F009F1351 /* Resources */ = {
			isa = PBXResourcesBuildPhase;
			buildActionMask = 2147483647;
			files = (
				DA0121FF1C63536A009F1351 /* SecondViewController.xib in Resources */,
				DA0121F41C63532F009F1351 /* LaunchScreen.storyboard in Resources */,
				DA0121F11C63532F009F1351 /* Assets.xcassets in Resources */,
				DA0121EF1C63532F009F1351 /* Main.storyboard in Resources */,
				DA03CD5F1E5C1ED200C8C0CA /* ZZQRManager.bundle in Resources */,
			);
			runOnlyForDeploymentPostprocessing = 0;
		};
/* End PBXResourcesBuildPhase section */

/* Begin PBXSourcesBuildPhase section */
		DA0121DD1C63532F009F1351 /* Sources */ = {
			isa = PBXSourcesBuildPhase;
			buildActionMask = 2147483647;
			files = (
				DA0121FE1C63536A009F1351 /* SecondViewController.m in Sources */,
				DA8FDB231C68D7E400AE37DE /* ZZQRPoint.m in Sources */,
				DA0121EC1C63532F009F1351 /* FirstViewController.m in Sources */,
				DA0121E91C63532F009F1351 /* AppDelegate.m in Sources */,
				DA0121E61C63532F009F1351 /* main.m in Sources */,
				DA01221B1C6353B8009F1351 /* ZZQROptionView.m in Sources */,
				DA03CD8E1E5D605400C8C0CA /* ZZQRScanTypes.m in Sources */,
				DA8FDB201C68D7A400AE37DE /* ZZQRIndicatorView.m in Sources */,
				DA03CD5D1E5C1E9100C8C0CA /* ZZQRPlaySound.m in Sources */,
				DAFF94BB1C702F190099B00B /* ZZQRImageHelper.m in Sources */,
				DA03CD621E5C2EFB00C8C0CA /* ZZQRPlaceholderView.m in Sources */,
				DA01221E1C6353B8009F1351 /* ZZQRScanViewController.m in Sources */,
				DA01221D1C6353B8009F1351 /* ZZQRScanner.m in Sources */,
			);
			runOnlyForDeploymentPostprocessing = 0;
		};
/* End PBXSourcesBuildPhase section */

/* Begin PBXVariantGroup section */
		DA0121ED1C63532F009F1351 /* Main.storyboard */ = {
			isa = PBXVariantGroup;
			children = (
				DA0121EE1C63532F009F1351 /* Base */,
			);
			name = Main.storyboard;
			sourceTree = "<group>";
		};
		DA0121F21C63532F009F1351 /* LaunchScreen.storyboard */ = {
			isa = PBXVariantGroup;
			children = (
				DA0121F31C63532F009F1351 /* Base */,
			);
			name = LaunchScreen.storyboard;
			sourceTree = "<group>";
		};
/* End PBXVariantGroup section */

/* Begin XCBuildConfiguration section */
		DA0121F61C63532F009F1351 /* Debug */ = {
			isa = XCBuildConfiguration;
			buildSettings = {
				ALWAYS_SEARCH_USER_PATHS = NO;
				CLANG_CXX_LANGUAGE_STANDARD = "gnu++0x";
				CLANG_CXX_LIBRARY = "libc++";
				CLANG_ENABLE_MODULES = YES;
				CLANG_ENABLE_OBJC_ARC = YES;
				CLANG_WARN_BOOL_CONVERSION = YES;
				CLANG_WARN_CONSTANT_CONVERSION = YES;
				CLANG_WARN_DIRECT_OBJC_ISA_USAGE = YES_ERROR;
				CLANG_WARN_EMPTY_BODY = YES;
				CLANG_WARN_ENUM_CONVERSION = YES;
				CLANG_WARN_INFINITE_RECURSION = YES;
				CLANG_WARN_INT_CONVERSION = YES;
				CLANG_WARN_OBJC_ROOT_CLASS = YES_ERROR;
				CLANG_WARN_SUSPICIOUS_MOVE = YES;
				CLANG_WARN_UNREACHABLE_CODE = YES;
				CLANG_WARN__DUPLICATE_METHOD_MATCH = YES;
				"CODE_SIGN_IDENTITY[sdk=iphoneos*]" = "iPhone Developer";
				COPY_PHASE_STRIP = NO;
				DEBUG_INFORMATION_FORMAT = dwarf;
				ENABLE_STRICT_OBJC_MSGSEND = YES;
				ENABLE_TESTABILITY = YES;
				GCC_C_LANGUAGE_STANDARD = gnu99;
				GCC_DYNAMIC_NO_PIC = NO;
				GCC_NO_COMMON_BLOCKS = YES;
				GCC_OPTIMIZATION_LEVEL = 0;
				GCC_PREPROCESSOR_DEFINITIONS = (
					"DEBUG=1",
					"$(inherited)",
				);
				GCC_WARN_64_TO_32_BIT_CONVERSION = YES;
				GCC_WARN_ABOUT_RETURN_TYPE = YES_ERROR;
				GCC_WARN_UNDECLARED_SELECTOR = YES;
				GCC_WARN_UNINITIALIZED_AUTOS = YES_AGGRESSIVE;
				GCC_WARN_UNUSED_FUNCTION = YES;
				GCC_WARN_UNUSED_VARIABLE = YES;
				IPHONEOS_DEPLOYMENT_TARGET = 8.0;
				MTL_ENABLE_DEBUG_INFO = YES;
				ONLY_ACTIVE_ARCH = YES;
				SDKROOT = iphoneos;
				TARGETED_DEVICE_FAMILY = "1,2";
			};
			name = Debug;
		};
		DA0121F71C63532F009F1351 /* Release */ = {
			isa = XCBuildConfiguration;
			buildSettings = {
				ALWAYS_SEARCH_USER_PATHS = NO;
				CLANG_CXX_LANGUAGE_STANDARD = "gnu++0x";
				CLANG_CXX_LIBRARY = "libc++";
				CLANG_ENABLE_MODULES = YES;
				CLANG_ENABLE_OBJC_ARC = YES;
				CLANG_WARN_BOOL_CONVERSION = YES;
				CLANG_WARN_CONSTANT_CONVERSION = YES;
				CLANG_WARN_DIRECT_OBJC_ISA_USAGE = YES_ERROR;
				CLANG_WARN_EMPTY_BODY = YES;
				CLANG_WARN_ENUM_CONVERSION = YES;
				CLANG_WARN_INFINITE_RECURSION = YES;
				CLANG_WARN_INT_CONVERSION = YES;
				CLANG_WARN_OBJC_ROOT_CLASS = YES_ERROR;
				CLANG_WARN_SUSPICIOUS_MOVE = YES;
				CLANG_WARN_UNREACHABLE_CODE = YES;
				CLANG_WARN__DUPLICATE_METHOD_MATCH = YES;
				"CODE_SIGN_IDENTITY[sdk=iphoneos*]" = "iPhone Developer";
				COPY_PHASE_STRIP = NO;
				DEBUG_INFORMATION_FORMAT = "dwarf-with-dsym";
				ENABLE_NS_ASSERTIONS = NO;
				ENABLE_STRICT_OBJC_MSGSEND = YES;
				GCC_C_LANGUAGE_STANDARD = gnu99;
				GCC_NO_COMMON_BLOCKS = YES;
				GCC_WARN_64_TO_32_BIT_CONVERSION = YES;
				GCC_WARN_ABOUT_RETURN_TYPE = YES_ERROR;
				GCC_WARN_UNDECLARED_SELECTOR = YES;
				GCC_WARN_UNINITIALIZED_AUTOS = YES_AGGRESSIVE;
				GCC_WARN_UNUSED_FUNCTION = YES;
				GCC_WARN_UNUSED_VARIABLE = YES;
				IPHONEOS_DEPLOYMENT_TARGET = 8.0;
				MTL_ENABLE_DEBUG_INFO = NO;
				SDKROOT = iphoneos;
				TARGETED_DEVICE_FAMILY = "1,2";
				VALIDATE_PRODUCT = YES;
			};
			name = Release;
		};
		DA0121F91C63532F009F1351 /* Debug */ = {
			isa = XCBuildConfiguration;
			buildSettings = {
				ASSETCATALOG_COMPILER_APPICON_NAME = AppIcon;
				CODE_SIGN_IDENTITY = "Apple Development";
				CODE_SIGN_STYLE = Automatic;
				DEVELOPMENT_TEAM = Y2KKR9F9FN;
				INFOPLIST_FILE = ZZQRManager/Info.plist;
				IPHONEOS_DEPLOYMENT_TARGET = 8.0;
				LD_RUNPATH_SEARCH_PATHS = "$(inherited) @executable_path/Frameworks";
				MARKETING_VERSION = 1.3.1;
				PRODUCT_BUNDLE_IDENTIFIER = com.dreamly.CCSeeWeather;
				PRODUCT_NAME = "$(TARGET_NAME)";
				PROVISIONING_PROFILE = "6d70a816-0664-44b2-b924-3b781c4c3954";
				PROVISIONING_PROFILE_SPECIFIER = "";
				TARGETED_DEVICE_FAMILY = "1,2";
			};
			name = Debug;
		};
		DA0121FA1C63532F009F1351 /* Release */ = {
			isa = XCBuildConfiguration;
			buildSettings = {
				ASSETCATALOG_COMPILER_APPICON_NAME = AppIcon;
				CODE_SIGN_IDENTITY = "iPhone Developer: xiantong chen (BFZ9LYPFKC)";
				CODE_SIGN_STYLE = Manual;
				DEVELOPMENT_TEAM = "";
				INFOPLIST_FILE = ZZQRManager/Info.plist;
				IPHONEOS_DEPLOYMENT_TARGET = 8.0;
				LD_RUNPATH_SEARCH_PATHS = "$(inherited) @executable_path/Frameworks";
				MARKETING_VERSION = 1.3.1;
				PRODUCT_BUNDLE_IDENTIFIER = com.weizhenliu.ZZQRManager;
				PRODUCT_NAME = "$(TARGET_NAME)";
				PROVISIONING_PROFILE_SPECIFIER = "";
				TARGETED_DEVICE_FAMILY = "1,2";
			};
			name = Release;
		};
/* End XCBuildConfiguration section */

/* Begin XCConfigurationList section */
		DA0121DC1C63532F009F1351 /* Build configuration list for PBXProject "ZZQRManager" */ = {
			isa = XCConfigurationList;
			buildConfigurations = (
				DA0121F61C63532F009F1351 /* Debug */,
				DA0121F71C63532F009F1351 /* Release */,
			);
			defaultConfigurationIsVisible = 0;
			defaultConfigurationName = Release;
		};
		DA0121F81C63532F009F1351 /* Build configuration list for PBXNativeTarget "ZZQRManager" */ = {
			isa = XCConfigurationList;
			buildConfigurations = (
				DA0121F91C63532F009F1351 /* Debug */,
				DA0121FA1C63532F009F1351 /* Release */,
			);
			defaultConfigurationIsVisible = 0;
			defaultConfigurationName = Release;
		};
/* End XCConfigurationList section */
	};
	rootObject = DA0121D91C63532F009F1351 /* Project object */;
}
